[[package]]
name = "gba"
version = "0.1.0"
source = "git+https://github.com/ryankurte/rust-gba#5fbf66e74c27284f5f906c6f577c7100cb553b68"
dependencies = [
 "gcc 0.3.54 (registry+https://github.com/rust-lang/crates.io-index)",
]

[[package]]
name = "gba-example"
version = "0.1.0"
dependencies = [
 "gba 0.1.0 (git+https://github.com/ryankurte/rust-gba)",
]

[[package]]
name = "gcc"
version = "0.3.54"
source = "registry+https://github.com/rust-lang/crates.io-index"

[metadata]
"checksum gba 0.1.0 (git+https://github.com/ryankurte/rust-gba)" = "<none>"
"checksum gcc 0.3.54 (registry+https://github.com/rust-lang/crates.io-index)" = "5e33ec290da0d127825013597dbdfc28bee4964690c7ce1166cbc2a7bd08b1bb"
